
Microsoft Visual Studio Solution File, Format Version 12.00
# Visual Studio 15
VisualStudioVersion = 15.0.28307.106
MinimumVisualStudioVersion = 10.0.40219.1
Project("{FAE04EC0-301F-11D3-BF4B-00C04F79EFBC}") = "EPAM.Task7.Users.BLL", "EPAM.Task7.BLL\EPAM.Task7.Users.BLL.csproj", "{5729BA73-6EE2-497A-99F4-04EBDC3FE96D}"
EndProject
Project("{2150E333-8FDC-42A3-9474-1A3956D46DE8}") = "BLL", "BLL", "{F233D250-9D83-422F-90A3-41DDEF2E3B37}"
EndProject
Project("{2150E333-8FDC-42A3-9474-1A3956D46DE8}") = "DAL", "DAL", "{813D789B-57A1-41F3-B836-D3C7E65C2B8A}"
EndProject
Project("{2150E333-8FDC-42A3-9474-1A3956D46DE8}") = "PL", "PL", "{31AA7164-9A73-4906-BBC9-6C197ECAC3EA}"
EndProject
Project("{FAE04EC0-301F-11D3-BF4B-00C04F79EFBC}") = "EPAM.Task7.Users.BLL.Interface", "EPAM.Task7.Users.BLL.Interface\EPAM.Task7.Users.BLL.Interface.csproj", "{DA7C01CC-B09F-45AB-8592-30E5834BBF7C}"
EndProject
Project("{FAE04EC0-301F-11D3-BF4B-00C04F79EFBC}") = "EPAM.Task7.DAL", "EPAM.Task7.DAL\EPAM.Task7.DAL.csproj", "{F930A31D-6472-4AB8-AC20-56B27EAFC861}"
EndProject
Project("{FAE04EC0-301F-11D3-BF4B-00C04F79EFBC}") = "EPAM.Task7.DAL.Interface", "EPAM.Task7.DAL.Interface\EPAM.Task7.DAL.Interface.csproj", "{477C0A7C-607A-4980-B3AE-5CC024AA5C99}"
EndProject
Project("{FAE04EC0-301F-11D3-BF4B-00C04F79EFBC}") = "EPAM.Task7.ConsolePL", "EPAM.Task7.ConsolePL\EPAM.Task7.ConsolePL.csproj", "{A5718E3F-7B5F-4CCD-B771-2694B7F8C179}"
EndProject
Project("{2150E333-8FDC-42A3-9474-1A3956D46DE8}") = "Common", "Common", "{2582F534-2272-4F93-BF82-1F7E63D9D9CA}"
EndProject
Project("{FAE04EC0-301F-11D3-BF4B-00C04F79EFBC}") = "EPAM.Task7.Entities", "EPAM.Task7.Entities\EPAM.Task7.Entities.csproj", "{6DC6B750-D26F-4FAB-A3B0-285023160E97}"
EndProject
Project("{FAE04EC0-301F-11D3-BF4B-00C04F79EFBC}") = "EPAM.Task7.Awards.BLL", "EPAM.Task7.Awards.BLL\EPAM.Task7.Awards.BLL.csproj", "{C3D1F4D2-2E25-4B66-97F8-5A9E055A09F9}"
EndProject
Project("{FAE04EC0-301F-11D3-BF4B-00C04F79EFBC}") = "EPAM.Task7.Awards.BLL.Interface", "EPAM.Task7.Awards.BLL.Interface\EPAM.Task7.Awards.BLL.Interface.csproj", "{8C1D67FD-84FA-4955-BDB4-E1D452A893CD}"
EndProject
Project("{FAE04EC0-301F-11D3-BF4B-00C04F79EFBC}") = "EPAM.Task7.Common", "EPAM.Task7.Common\EPAM.Task7.Common.csproj", "{2D52853B-62A3-4150-9DB5-9BF9CEAFB245}"
EndProject
Project("{FAE04EC0-301F-11D3-BF4B-00C04F79EFBC}") = "EPAM.Task11.WebUI", "EPAM.Task11.WebUI\EPAM.Task11.WebUI.csproj", "{43DEF898-716D-4A80-B585-4F5211CC9BB4}"
EndProject
Global
	GlobalSection(SolutionConfigurationPlatforms) = preSolution
		Debug|Any CPU = Debug|Any CPU
		Release|Any CPU = Release|Any CPU
	EndGlobalSection
	GlobalSection(ProjectConfigurationPlatforms) = postSolution
		{5729BA73-6EE2-497A-99F4-04EBDC3FE96D}.Debug|Any CPU.ActiveCfg = Debug|Any CPU
		{5729BA73-6EE2-497A-99F4-04EBDC3FE96D}.Debug|Any CPU.Build.0 = Debug|Any CPU
		{5729BA73-6EE2-497A-99F4-04EBDC3FE96D}.Release|Any CPU.ActiveCfg = Release|Any CPU
		{5729BA73-6EE2-497A-99F4-04EBDC3FE96D}.Release|Any CPU.Build.0 = Release|Any CPU
		{DA7C01CC-B09F-45AB-8592-30E5834BBF7C}.Debug|Any CPU.ActiveCfg = Debug|Any CPU
		{DA7C01CC-B09F-45AB-8592-30E5834BBF7C}.Debug|Any CPU.Build.0 = Debug|Any CPU
		{DA7C01CC-B09F-45AB-8592-30E5834BBF7C}.Release|Any CPU.ActiveCfg = Release|Any CPU
		{DA7C01CC-B09F-45AB-8592-30E5834BBF7C}.Release|Any CPU.Build.0 = Release|Any CPU
		{F930A31D-6472-4AB8-AC20-56B27EAFC861}.Debug|Any CPU.ActiveCfg = Debug|Any CPU
		{F930A31D-6472-4AB8-AC20-56B27EAFC861}.Debug|Any CPU.Build.0 = Debug|Any CPU
		{F930A31D-6472-4AB8-AC20-56B27EAFC861}.Release|Any CPU.ActiveCfg = Release|Any CPU
		{F930A31D-6472-4AB8-AC20-56B27EAFC861}.Release|Any CPU.Build.0 = Release|Any CPU
		{477C0A7C-607A-4980-B3AE-5CC024AA5C99}.Debug|Any CPU.ActiveCfg = Debug|Any CPU
		{477C0A7C-607A-4980-B3AE-5CC024AA5C99}.Debug|Any CPU.Build.0 = Debug|Any CPU
		{477C0A7C-607A-4980-B3AE-5CC024AA5C99}.Release|Any CPU.ActiveCfg = Release|Any CPU
		{477C0A7C-607A-4980-B3AE-5CC024AA5C99}.Release|Any CPU.Build.0 = Release|Any CPU
		{A5718E3F-7B5F-4CCD-B771-2694B7F8C179}.Debug|Any CPU.ActiveCfg = Debug|Any CPU
		{A5718E3F-7B5F-4CCD-B771-2694B7F8C179}.Debug|Any CPU.Build.0 = Debug|Any CPU
		{A5718E3F-7B5F-4CCD-B771-2694B7F8C179}.Release|Any CPU.ActiveCfg = Release|Any CPU
		{A5718E3F-7B5F-4CCD-B771-2694B7F8C179}.Release|Any CPU.Build.0 = Release|Any CPU
		{6DC6B750-D26F-4FAB-A3B0-285023160E97}.Debug|Any CPU.ActiveCfg = Debug|Any CPU
		{6DC6B750-D26F-4FAB-A3B0-285023160E97}.Debug|Any CPU.Build.0 = Debug|Any CPU
		{6DC6B750-D26F-4FAB-A3B0-285023160E97}.Release|Any CPU.ActiveCfg = Release|Any CPU
		{6DC6B750-D26F-4FAB-A3B0-285023160E97}.Release|Any CPU.Build.0 = Release|Any CPU
		{C3D1F4D2-2E25-4B66-97F8-5A9E055A09F9}.Debug|Any CPU.ActiveCfg = Debug|Any CPU
		{C3D1F4D2-2E25-4B66-97F8-5A9E055A09F9}.Debug|Any CPU.Build.0 = Debug|Any CPU
		{C3D1F4D2-2E25-4B66-97F8-5A9E055A09F9}.Release|Any CPU.ActiveCfg = Release|Any CPU
		{C3D1F4D2-2E25-4B66-97F8-5A9E055A09F9}.Release|Any CPU.Build.0 = Release|Any CPU
		{8C1D67FD-84FA-4955-BDB4-E1D452A893CD}.Debug|Any CPU.ActiveCfg = Debug|Any CPU
		{8C1D67FD-84FA-4955-BDB4-E1D452A893CD}.Debug|Any CPU.Build.0 = Debug|Any CPU
		{8C1D67FD-84FA-4955-BDB4-E1D452A893CD}.Release|Any CPU.ActiveCfg = Release|Any CPU
		{8C1D67FD-84FA-4955-BDB4-E1D452A893CD}.Release|Any CPU.Build.0 = Release|Any CPU
		{2D52853B-62A3-4150-9DB5-9BF9CEAFB245}.Debug|Any CPU.ActiveCfg = Debug|Any CPU
		{2D52853B-62A3-4150-9DB5-9BF9CEAFB245}.Debug|Any CPU.Build.0 = Debug|Any CPU
		{2D52853B-62A3-4150-9DB5-9BF9CEAFB245}.Release|Any CPU.ActiveCfg = Release|Any CPU
		{2D52853B-62A3-4150-9DB5-9BF9CEAFB245}.Release|Any CPU.Build.0 = Release|Any CPU
		{43DEF898-716D-4A80-B585-4F5211CC9BB4}.Debug|Any CPU.ActiveCfg = Debug|Any CPU
		{43DEF898-716D-4A80-B585-4F5211CC9BB4}.Debug|Any CPU.Build.0 = Debug|Any CPU
		{43DEF898-716D-4A80-B585-4F5211CC9BB4}.Release|Any CPU.ActiveCfg = Release|Any CPU
		{43DEF898-716D-4A80-B585-4F5211CC9BB4}.Release|Any CPU.Build.0 = Release|Any CPU
	EndGlobalSection
	GlobalSection(SolutionProperties) = preSolution
		HideSolutionNode = FALSE
	EndGlobalSection
	GlobalSection(NestedProjects) = preSolution
		{5729BA73-6EE2-497A-99F4-04EBDC3FE96D} = {F233D250-9D83-422F-90A3-41DDEF2E3B37}
		{DA7C01CC-B09F-45AB-8592-30E5834BBF7C} = {F233D250-9D83-422F-90A3-41DDEF2E3B37}
		{F930A31D-6472-4AB8-AC20-56B27EAFC861} = {813D789B-57A1-41F3-B836-D3C7E65C2B8A}
		{477C0A7C-607A-4980-B3AE-5CC024AA5C99} = {813D789B-57A1-41F3-B836-D3C7E65C2B8A}
		{A5718E3F-7B5F-4CCD-B771-2694B7F8C179} = {31AA7164-9A73-4906-BBC9-6C197ECAC3EA}
		{6DC6B750-D26F-4FAB-A3B0-285023160E97} = {2582F534-2272-4F93-BF82-1F7E63D9D9CA}
		{C3D1F4D2-2E25-4B66-97F8-5A9E055A09F9} = {F233D250-9D83-422F-90A3-41DDEF2E3B37}
		{8C1D67FD-84FA-4955-BDB4-E1D452A893CD} = {F233D250-9D83-422F-90A3-41DDEF2E3B37}
		{2D52853B-62A3-4150-9DB5-9BF9CEAFB245} = {2582F534-2272-4F93-BF82-1F7E63D9D9CA}
		{43DEF898-716D-4A80-B585-4F5211CC9BB4} = {31AA7164-9A73-4906-BBC9-6C197ECAC3EA}
	EndGlobalSection
	GlobalSection(ExtensibilityGlobals) = postSolution
		SolutionGuid = {6B5FCD36-E5D0-4E73-8CD3-5A73BF8B8952}
	EndGlobalSection
EndGlobal
